{
  "name": "planlink",
  "lockfileVersion": 2,
  "requires": true,
  "packages": {
    "": {
      "dependencies": {
        "@babel/standalone": "^7.23.5"
      }
    },
    "node_modules/@babel/standalone": {
      "version": "7.23.5",
      "resolved": "https://registry.npmjs.org/@babel/standalone/-/standalone-7.23.5.tgz",
      "integrity": "sha512-4bqgawmyDPu+9gQhZOKh1ftCUa6BAT0KztElMcWAJgOgQJRNhmGVA0M0McedEqvGi7SbfiBBvlH13Jc47P919A==",
      "engines": {
        "node": ">=6.9.0"
      }
    }
  },
  "dependencies": {
    "@babel/standalone": {
      "version": "7.23.5",
      "resolved": "https://registry.npmjs.org/@babel/standalone/-/standalone-7.23.5.tgz",
      "integrity": "sha512-4bqgawmyDPu+9gQhZOKh1ftCUa6BAT0KztElMcWAJgOgQJRNhmGVA0M0McedEqvGi7SbfiBBvlH13Jc47P919A=="
    }
  }
}
